
Microsoft Visual Studio Solution File, Format Version 12.00
# Visual Studio Version 17
VisualStudioVersion = 17.10.34916.146
MinimumVisualStudioVersion = 10.0.40219.1
Project("{9A19103F-16F7-4668-BE54-9A1E7A4F7556}") = "StorybaseApi", "StorybaseApi\StorybaseApi.csproj", "{7224D586-CAE6-4716-8C33-FD3EA2FEF108}"
EndProject
Project("{9A19103F-16F7-4668-BE54-9A1E7A4F7556}") = "Storybase.Application", "StorybaseLibrary\Storybase.Application.csproj", "{D7716C5E-4870-41E1-B851-DDE36BE24309}"
EndProject
Project("{9A19103F-16F7-4668-BE54-9A1E7A4F7556}") = "Storybase.Maui", "Storybase.Maui\Storybase.Maui.csproj", "{AC36525A-8D1F-4A58-9F09-7A7DF014CDC3}"
EndProject
Project("{9A19103F-16F7-4668-BE54-9A1E7A4F7556}") = "Storybase.Components", "Storybase.Components\Storybase.Components.csproj", "{62537FEB-DEA8-4858-B23F-7D7ECB03B667}"
EndProject
Project("{9A19103F-16F7-4668-BE54-9A1E7A4F7556}") = "Storybase.Blazor", "Storybase.Blazor\Storybase.Blazor.csproj", "{AE15CBF2-1BD2-4D16-8649-B5E09688371C}"
EndProject
Project("{FAE04EC0-301F-11D3-BF4B-00C04F79EFBC}") = "Storybase.Core", "Storybase.Core\Storybase.Core.csproj", "{873CDD56-C5CC-42AA-B48C-E2808F8A1C44}"
EndProject
Global
	GlobalSection(SolutionConfigurationPlatforms) = preSolution
		Debug|Any CPU = Debug|Any CPU
		Release|Any CPU = Release|Any CPU
	EndGlobalSection
	GlobalSection(ProjectConfigurationPlatforms) = postSolution
		{7224D586-CAE6-4716-8C33-FD3EA2FEF108}.Debug|Any CPU.ActiveCfg = Debug|Any CPU
		{7224D586-CAE6-4716-8C33-FD3EA2FEF108}.Debug|Any CPU.Build.0 = Debug|Any CPU
		{7224D586-CAE6-4716-8C33-FD3EA2FEF108}.Release|Any CPU.ActiveCfg = Release|Any CPU
		{7224D586-CAE6-4716-8C33-FD3EA2FEF108}.Release|Any CPU.Build.0 = Release|Any CPU
		{D7716C5E-4870-41E1-B851-DDE36BE24309}.Debug|Any CPU.ActiveCfg = Debug|Any CPU
		{D7716C5E-4870-41E1-B851-DDE36BE24309}.Debug|Any CPU.Build.0 = Debug|Any CPU
		{D7716C5E-4870-41E1-B851-DDE36BE24309}.Release|Any CPU.ActiveCfg = Release|Any CPU
		{D7716C5E-4870-41E1-B851-DDE36BE24309}.Release|Any CPU.Build.0 = Release|Any CPU
		{AC36525A-8D1F-4A58-9F09-7A7DF014CDC3}.Debug|Any CPU.ActiveCfg = Debug|Any CPU
		{AC36525A-8D1F-4A58-9F09-7A7DF014CDC3}.Debug|Any CPU.Build.0 = Debug|Any CPU
		{AC36525A-8D1F-4A58-9F09-7A7DF014CDC3}.Debug|Any CPU.Deploy.0 = Debug|Any CPU
		{AC36525A-8D1F-4A58-9F09-7A7DF014CDC3}.Release|Any CPU.ActiveCfg = Release|Any CPU
		{AC36525A-8D1F-4A58-9F09-7A7DF014CDC3}.Release|Any CPU.Build.0 = Release|Any CPU
		{AC36525A-8D1F-4A58-9F09-7A7DF014CDC3}.Release|Any CPU.Deploy.0 = Release|Any CPU
		{62537FEB-DEA8-4858-B23F-7D7ECB03B667}.Debug|Any CPU.ActiveCfg = Debug|Any CPU
		{62537FEB-DEA8-4858-B23F-7D7ECB03B667}.Debug|Any CPU.Build.0 = Debug|Any CPU
		{62537FEB-DEA8-4858-B23F-7D7ECB03B667}.Release|Any CPU.ActiveCfg = Release|Any CPU
		{62537FEB-DEA8-4858-B23F-7D7ECB03B667}.Release|Any CPU.Build.0 = Release|Any CPU
		{AE15CBF2-1BD2-4D16-8649-B5E09688371C}.Debug|Any CPU.ActiveCfg = Debug|Any CPU
		{AE15CBF2-1BD2-4D16-8649-B5E09688371C}.Debug|Any CPU.Build.0 = Debug|Any CPU
		{AE15CBF2-1BD2-4D16-8649-B5E09688371C}.Release|Any CPU.ActiveCfg = Release|Any CPU
		{AE15CBF2-1BD2-4D16-8649-B5E09688371C}.Release|Any CPU.Build.0 = Release|Any CPU
		{873CDD56-C5CC-42AA-B48C-E2808F8A1C44}.Debug|Any CPU.ActiveCfg = Debug|Any CPU
		{873CDD56-C5CC-42AA-B48C-E2808F8A1C44}.Debug|Any CPU.Build.0 = Debug|Any CPU
		{873CDD56-C5CC-42AA-B48C-E2808F8A1C44}.Release|Any CPU.ActiveCfg = Release|Any CPU
		{873CDD56-C5CC-42AA-B48C-E2808F8A1C44}.Release|Any CPU.Build.0 = Release|Any CPU
	EndGlobalSection
	GlobalSection(SolutionProperties) = preSolution
		HideSolutionNode = FALSE
	EndGlobalSection
	GlobalSection(ExtensibilityGlobals) = postSolution
		SolutionGuid = {9306870D-3DFF-4AD8-9292-5CC81B9D823D}
	EndGlobalSection
EndGlobal
